// !$*UTF8*$!
{
	archiveVersion = 1;
	classes = {
	};
	objectVersion = 46;
	objects = {

/* Begin PBXBuildFile section */
		97CFE5C31C4F4E8500C2C014 /* AppDelegate.swift in Sources */ = {isa = PBXBuildFile; fileRef = 97CFE5C21C4F4E8500C2C014 /* AppDelegate.swift */; };
		97CFE5C51C4F4E8500C2C014 /* ViewController.swift in Sources */ = {isa = PBXBuildFile; fileRef = 97CFE5C41C4F4E8500C2C014 /* ViewController.swift */; };
		97CFE5C81C4F4E8500C2C014 /* Main.storyboard in Resources */ = {isa = PBXBuildFile; fileRef = 97CFE5C61C4F4E8500C2C014 /* Main.storyboard */; };
		97CFE5CA1C4F4E8500C2C014 /* Assets.xcassets in Resources */ = {isa = PBXBuildFile; fileRef = 97CFE5C91C4F4E8500C2C014 /* Assets.xcassets */; };
		97CFE5CD1C4F4E8500C2C014 /* LaunchScreen.storyboard in Resources */ = {isa = PBXBuildFile; fileRef = 97CFE5CB1C4F4E8500C2C014 /* LaunchScreen.storyboard */; };
/* End PBXBuildFile section */

/* Begin PBXFileReference section */
		97CFE5BF1C4F4E8500C2C014 /* chumpchange.app */ = {isa = PBXFileReference; explicitFileType = wrapper.application; includeInIndex = 0; path = chumpchange.app; sourceTree = BUILT_PRODUCTS_DIR; };
		97CFE5C21C4F4E8500C2C014 /* AppDelegate.swift */ = {isa = PBXFileReference; lastKnownFileType = sourcecode.swift; path = AppDelegate.swift; sourceTree = "<group>"; };
		97CFE5C41C4F4E8500C2C014 /* ViewController.swift */ = {isa = PBXFileReference; lastKnownFileType = sourcecode.swift; path = ViewController.swift; sourceTree = "<group>"; };
		97CFE5C71C4F4E8500C2C014 /* Base */ = {isa = PBXFileReference; lastKnownFileType = file.storyboard; name = Base; path = Base.lproj/Main.storyboard; sourceTree = "<group>"; };
		97CFE5C91C4F4E8500C2C014 /* Assets.xcassets */ = {isa = PBXFileReference; lastKnownFileType = folder.assetcatalog; path = Assets.xcassets; sourceTree = "<group>"; };
		97CFE5CC1C4F4E8500C2C014 /* Base */ = {isa = PBXFileReference; lastKnownFileType = file.storyboard; name = Base; path = Base.lproj/LaunchScreen.storyboard; sourceTree = "<group>"; };
		97CFE5CE1C4F4E8500C2C014 /* Info.plist */ = {isa = PBXFileReference; lastKnownFileType = text.plist.xml; path = Info.plist; sourceTree = "<group>"; };
/* End PBXFileReference section */

/* Begin PBXFrameworksBuildPhase section */
		97CFE5BC1C4F4E8500C2C014 /* Frameworks */ = {
			isa = PBXFrameworksBuildPhase;
			buildActionMask = 2147483647;
			files = (
			);
			runOnlyForDeploymentPostprocessing = 0;
		};
/* End PBXFrameworksBuildPhase section */

/* Begin PBXGroup section */
		97CFE5B61C4F4E8500C2C014 = {
			isa = PBXGroup;
			children = (
				97CFE5C11C4F4E8500C2C014 /* chumpchange */,
				97CFE5C01C4F4E8500C2C014 /* Products */,
			);
			sourceTree = "<group>";
		};
		97CFE5C01C4F4E8500C2C014 /* Products */ = {
			isa = PBXGroup;
			children = (
				97CFE5BF1C4F4E8500C2C014 /* chumpchange.app */,
			);
			name = Products;
			sourceTree = "<group>";
		};
		97CFE5C11C4F4E8500C2C014 /* chumpchange */ = {
			isa = PBXGroup;
			children = (
				97CFE5C21C4F4E8500C2C014 /* AppDelegate.swift */,
				97CFE5C41C4F4E8500C2C014 /* ViewController.swift */,
				97CFE5C61C4F4E8500C2C014 /* Main.storyboard */,
				97CFE5C91C4F4E8500C2C014 /* Assets.xcassets */,
				97CFE5CB1C4F4E8500C2C014 /* LaunchScreen.storyboard */,
				97CFE5CE1C4F4E8500C2C014 /* Info.plist */,
			);
			path = chumpchange;
			sourceTree = "<group>";
		};
/* End PBXGroup section */

/* Begin PBXNativeTarget section */
		97CFE5BE1C4F4E8500C2C014 /* chumpchange */ = {
			isa = PBXNativeTarget;
			buildConfigurationList = 97CFE5D11C4F4E8500C2C014 /* Build configuration list for PBXNativeTarget "chumpchange" */;
			buildPhases = (
				97CFE5BB1C4F4E8500C2C014 /* Sources */,
				97CFE5BC1C4F4E8500C2C014 /* Frameworks */,
				97CFE5BD1C4F4E8500C2C014 /* Resources */,
			);
			buildRules = (
			);
			dependencies = (
			);
			name = chumpchange;
			productName = chumpchange;
			productReference = 97CFE5BF1C4F4E8500C2C014 /* chumpchange.app */;
			productType = "com.apple.product-type.application";
		};
/* End PBXNativeTarget section */

/* Begin PBXProject section */
		97CFE5B71C4F4E8500C2C014 /* Project object */ = {
			isa = PBXProject;
			attributes = {
				LastSwiftUpdateCheck = 0720;
				LastUpgradeCheck = 0720;
				ORGANIZATIONNAME = "Chris Heiser";
				TargetAttributes = {
					97CFE5BE1C4F4E8500C2C014 = {
						CreatedOnToolsVersion = 7.2;
					};
				};
			};
			buildConfigurationList = 97CFE5BA1C4F4E8500C2C014 /* Build configuration list for PBXProject "chumpchange" */;
			compatibilityVersion = "Xcode 3.2";
			developmentRegion = English;
			hasScannedForEncodings = 0;
			knownRegions = (
				en,
				Base,
			);
			mainGroup = 97CFE5B61C4F4E8500C2C014;
			productRefGroup = 97CFE5C01C4F4E8500C2C014 /* Products */;
			projectDirPath = "";
			projectRoot = "";
			targets = (
				97CFE5BE1C4F4E8500C2C014 /* chumpchange */,
			);
		};
/* End PBXProject section */

/* Begin PBXResourcesBuildPhase section */
		97CFE5BD1C4F4E8500C2C014 /* Resources */ = {
			isa = PBXResourcesBuildPhase;
			buildActionMask = 2147483647;
			files = (
				97CFE5CD1C4F4E8500C2C014 /* LaunchScreen.storyboard in Resources */,
				97CFE5CA1C4F4E8500C2C014 /* Assets.xcassets in Resources */,
				97CFE5C81C4F4E8500C2C014 /* Main.storyboard in Resources */,
			);
			runOnlyForDeploymentPostprocessing = 0;
		};
/* End PBXResourcesBuildPhase section */

/* Begin PBXSourcesBuildPhase section */
		97CFE5BB1C4F4E8500C2C014 /* Sources */ = {
			isa = PBXSourcesBuildPhase;
			buildActionMask = 2147483647;
			files = (
				97CFE5C51C4F4E8500C2C014 /* ViewController.swift in Sources */,
				97CFE5C31C4F4E8500C2C014 /* AppDelegate.swift in Sources */,
			);
			runOnlyForDeploymentPostprocessing = 0;
		};
/* End PBXSourcesBuildPhase section */

/* Begin PBXVariantGroup section */
		97CFE5C61C4F4E8500C2C014 /* Main.storyboard */ = {
			isa = PBXVariantGroup;
			children = (
				97CFE5C71C4F4E8500C2C014 /* Base */,
			);
			name = Main.storyboard;
			sourceTree = "<group>";
		};
		97CFE5CB1C4F4E8500C2C014 /* LaunchScreen.storyboard */ = {
			isa = PBXVariantGroup;
			children = (
				97CFE5CC1C4F4E8500C2C014 /* Base */,
			);
			name = LaunchScreen.storyboard;
			sourceTree = "<group>";
		};
/* End PBXVariantGroup section */

/* Begin XCBuildConfiguration section */
		97CFE5CF1C4F4E8500C2C014 /* Debug */ = {
			isa = XCBuildConfiguration;
			buildSettings = {
				ALWAYS_SEARCH_USER_PATHS = NO;
				CLANG_CXX_LANGUAGE_STANDARD = "gnu++0x";
				CLANG_CXX_LIBRARY = "libc++";
				CLANG_ENABLE_MODULES = YES;
				CLANG_ENABLE_OBJC_ARC = YES;
				CLANG_WARN_BOOL_CONVERSION = YES;
				CLANG_WARN_CONSTANT_CONVERSION = YES;
				CLANG_WARN_DIRECT_OBJC_ISA_USAGE = YES_ERROR;
				CLANG_WARN_EMPTY_BODY = YES;
				CLANG_WARN_ENUM_CONVERSION = YES;
				CLANG_WARN_INT_CONVERSION = YES;
				CLANG_WARN_OBJC_ROOT_CLASS = YES_ERROR;
				CLANG_WARN_UNREACHABLE_CODE = YES;
				CLANG_WARN__DUPLICATE_METHOD_MATCH = YES;
				"CODE_SIGN_IDENTITY[sdk=iphoneos*]" = "iPhone Developer";
				COPY_PHASE_STRIP = NO;
				DEBUG_INFORMATION_FORMAT = dwarf;
				ENABLE_STRICT_OBJC_MSGSEND = YES;
				ENABLE_TESTABILITY = YES;
				GCC_C_LANGUAGE_STANDARD = gnu99;
				GCC_DYNAMIC_NO_PIC = NO;
				GCC_NO_COMMON_BLOCKS = YES;
				GCC_OPTIMIZATION_LEVEL = 0;
				GCC_PREPROCESSOR_DEFINITIONS = (
					"DEBUG=1",
					"$(inherited)",
				);
				GCC_WARN_64_TO_32_BIT_CONVERSION = YES;
				GCC_WARN_ABOUT_RETURN_TYPE = YES_ERROR;
				GCC_WARN_UNDECLARED_SELECTOR = YES;
				GCC_WARN_UNINITIALIZED_AUTOS = YES_AGGRESSIVE;
				GCC_WARN_UNUSED_FUNCTION = YES;
				GCC_WARN_UNUSED_VARIABLE = YES;
				IPHONEOS_DEPLOYMENT_TARGET = 9.2;
				MTL_ENABLE_DEBUG_INFO = YES;
				ONLY_ACTIVE_ARCH = YES;
				SDKROOT = iphoneos;
				SWIFT_OPTIMIZATION_LEVEL = "-Onone";
			};
			name = Debug;
		};
		97CFE5D01C4F4E8500C2C014 /* Release */ = {
			isa = XCBuildConfiguration;
			buildSettings = {
				ALWAYS_SEARCH_USER_PATHS = NO;
				CLANG_CXX_LANGUAGE_STANDARD = "gnu++0x";
				CLANG_CXX_LIBRARY = "libc++";
				CLANG_ENABLE_MODULES = YES;
				CLANG_ENABLE_OBJC_ARC = YES;
				CLANG_WARN_BOOL_CONVERSION = YES;
				CLANG_WARN_CONSTANT_CONVERSION = YES;
				CLANG_WARN_DIRECT_OBJC_ISA_USAGE = YES_ERROR;
				CLANG_WARN_EMPTY_BODY = YES;
				CLANG_WARN_ENUM_CONVERSION = YES;
				CLANG_WARN_INT_CONVERSION = YES;
				CLANG_WARN_OBJC_ROOT_CLASS = YES_ERROR;
				CLANG_WARN_UNREACHABLE_CODE = YES;
				CLANG_WARN__DUPLICATE_METHOD_MATCH = YES;
				"CODE_SIGN_IDENTITY[sdk=iphoneos*]" = "iPhone Developer";
				COPY_PHASE_STRIP = NO;
				DEBUG_INFORMATION_FORMAT = "dwarf-with-dsym";
				ENABLE_NS_ASSERTIONS = NO;
				ENABLE_STRICT_OBJC_MSGSEND = YES;
				GCC_C_LANGUAGE_STANDARD = gnu99;
				GCC_NO_COMMON_BLOCKS = YES;
				GCC_WARN_64_TO_32_BIT_CONVERSION = YES;
				GCC_WARN_ABOUT_RETURN_TYPE = YES_ERROR;
				GCC_WARN_UNDECLARED_SELECTOR = YES;
				GCC_WARN_UNINITIALIZED_AUTOS = YES_AGGRESSIVE;
				GCC_WARN_UNUSED_FUNCTION = YES;
				GCC_WARN_UNUSED_VARIABLE = YES;
				IPHONEOS_DEPLOYMENT_TARGET = 9.2;
				MTL_ENABLE_DEBUG_INFO = NO;
				SDKROOT = iphoneos;
				VALIDATE_PRODUCT = YES;
			};
			name = Release;
		};
		97CFE5D21C4F4E8500C2C014 /* Debug */ = {
			isa = XCBuildConfiguration;
			buildSettings = {
				ASSETCATALOG_COMPILER_APPICON_NAME = AppIcon;
				INFOPLIST_FILE = chumpchange/Info.plist;
				LD_RUNPATH_SEARCH_PATHS = "$(inherited) @executable_path/Frameworks";
				PRODUCT_BUNDLE_IDENTIFIER = com.heiser.chumpchange;
				PRODUCT_NAME = "$(TARGET_NAME)";
			};
			name = Debug;
		};
		97CFE5D31C4F4E8500C2C014 /* Release */ = {
			isa = XCBuildConfiguration;
			buildSettings = {
				ASSETCATALOG_COMPILER_APPICON_NAME = AppIcon;
				INFOPLIST_FILE = chumpchange/Info.plist;
				LD_RUNPATH_SEARCH_PATHS = "$(inherited) @executable_path/Frameworks";
				PRODUCT_BUNDLE_IDENTIFIER = com.heiser.chumpchange;
				PRODUCT_NAME = "$(TARGET_NAME)";
			};
			name = Release;
		};
/* End XCBuildConfiguration section */

/* Begin XCConfigurationList section */
		97CFE5BA1C4F4E8500C2C014 /* Build configuration list for PBXProject "chumpchange" */ = {
			isa = XCConfigurationList;
			buildConfigurations = (
				97CFE5CF1C4F4E8500C2C014 /* Debug */,
				97CFE5D01C4F4E8500C2C014 /* Release */,
			);
			defaultConfigurationIsVisible = 0;
			defaultConfigurationName = Release;
		};
		97CFE5D11C4F4E8500C2C014 /* Build configuration list for PBXNativeTarget "chumpchange" */ = {
			isa = XCConfigurationList;
			buildConfigurations = (
				97CFE5D21C4F4E8500C2C014 /* Debug */,
				97CFE5D31C4F4E8500C2C014 /* Release */,
			);
			defaultConfigurationIsVisible = 0;
		};
/* End XCConfigurationList section */
	};
	rootObject = 97CFE5B71C4F4E8500C2C014 /* Project object */;
}
